
Microsoft Visual Studio Solution File, Format Version 12.00
# Visual Studio 14
VisualStudioVersion = 14.0.25420.1
MinimumVisualStudioVersion = 10.0.40219.1
Project("{DA7A21FA-8162-4350-AD77-A8D1B671F3ED}") = "PS6", "PS6\PS6.rxproj", "{9401C811-7AF3-4D2B-A61F-172D1B66A965}"
EndProject
Global
	GlobalSection(SolutionConfigurationPlatforms) = preSolution
		Debug|Any CPU = Debug|Any CPU
		Release|Any CPU = Release|Any CPU
	EndGlobalSection
	GlobalSection(ProjectConfigurationPlatforms) = postSolution
		{9401C811-7AF3-4D2B-A61F-172D1B66A965}.Debug|Any CPU.ActiveCfg = Debug|Any CPU
		{9401C811-7AF3-4D2B-A61F-172D1B66A965}.Debug|Any CPU.Build.0 = Debug|Any CPU
		{9401C811-7AF3-4D2B-A61F-172D1B66A965}.Release|Any CPU.ActiveCfg = Debug|Any CPU
		{9401C811-7AF3-4D2B-A61F-172D1B66A965}.Release|Any CPU.Build.0 = Debug|Any CPU
	EndGlobalSection
	GlobalSection(SolutionProperties) = preSolution
		HideSolutionNode = FALSE
	EndGlobalSection
EndGlobal
